# This file is autogenerated, do not edit; changes may be undone by the next 'dep ensure'.


[[projects]]
  digest = "1:ad3a958de5100511e795bc6abd52a039b9538b7e42d7b393af962238aaa584ef"
  name = "github.com/aws/aws-lambda-go"
  packages = [
    "events",
    "lambda",
    "lambda/handlertrace",
    "lambda/messages",
    "lambdacontext",
  ]
  pruneopts = ""
  revision = "18b606949c45bc923e421d7ea891d6d02a34f7dd"
  version = "v1.16.0"

[[projects]]
  branch = "master"
  digest = "1:34421212ae1020c1f411d3d5215021a5e4e137b2a6dab2d9bc0a901f4bb5b961"
  name = "github.com/graph-gophers/graphql-go"
  packages = [
    ".",
    "errors",
    "internal/common",
    "internal/exec",
    "internal/exec/packer",
    "internal/exec/resolvable",
    "internal/exec/selected",
    "internal/query",
    "internal/schema",
    "internal/validation",
    "introspection",
    "log",
    "trace",
  ]
  pruneopts = ""
  revision = "dae41bde9ef91c12e78863f0299348612f2d6214"

[[projects]]
  digest = "1:1fc4897d3cc482d070651563c16a51489296cd9150e6d53fb7ff4d59a24334bc"
  name = "github.com/opentracing/opentracing-go"
  packages = [
    ".",
    "ext",
    "log",
  ]
  pruneopts = ""
  revision = "659c90643e714681897ec2521c60567dd21da733"
  version = "v1.1.0"

[solve-meta]
  analyzer-name = "dep"
  analyzer-version = 1
  input-imports = [
    "github.com/aws/aws-lambda-go/events",
    "github.com/aws/aws-lambda-go/lambda",
    "github.com/graph-gophers/graphql-go",
  ]
  solver-name = "gps-cdcl"
  solver-version = 1
